
Microsoft Visual Studio Solution File, Format Version 12.00
# Visual Studio 2013
VisualStudioVersion = 12.0.40629.0
MinimumVisualStudioVersion = 10.0.40219.1
Project("{FAE04EC0-301F-11D3-BF4B-00C04F79EFBC}") = "BAMSS.Extensions.Exception", "Extensions\Exception\BAMSS.Extensions.Exception.csproj", "{650B8406-1876-4EF8-8A99-6FE66FF14402}"
EndProject
Project("{FAE04EC0-301F-11D3-BF4B-00C04F79EFBC}") = "BAMSS.Extensions.String", "Extensions\String\BAMSS.Extensions.String.csproj", "{861A6710-8C08-43DB-BEA4-1D0C566FE204}"
EndProject
Project("{2150E333-8FDC-42A3-9474-1A3956D46DE8}") = "Extensions", "Extensions", "{3AA577A9-F070-45EC-ABA3-846D981C49D6}"
EndProject
Project("{2150E333-8FDC-42A3-9474-1A3956D46DE8}") = "Diagnostic", "Diagnostic", "{1FEFB666-C05E-400E-B9DC-0F78BD438B0C}"
EndProject
Project("{FAE04EC0-301F-11D3-BF4B-00C04F79EFBC}") = "BAMSS.Diagnostic.Gathering", "Diagnostic\Gathering\BAMSS.Diagnostic.Gathering.csproj", "{0583A9AA-65F3-4F0B-A64C-88C5350B2AE4}"
EndProject
Project("{FAE04EC0-301F-11D3-BF4B-00C04F79EFBC}") = "Tester", "Diagnostic\Tester\Tester.csproj", "{E91BAA52-3B55-4AC5-9E6B-3664041151D1}"
EndProject
Project("{FAE04EC0-301F-11D3-BF4B-00C04F79EFBC}") = "Tester", "Extensions\Tester\Tester.csproj", "{72D8567D-178A-4FD0-8BA7-AE6F31B757B1}"
EndProject
Project("{2150E333-8FDC-42A3-9474-1A3956D46DE8}") = "Communication", "Communication", "{A2C76BB4-0E4F-4D2F-A79C-AA1908A18371}"
EndProject
Project("{2150E333-8FDC-42A3-9474-1A3956D46DE8}") = "IPC", "IPC", "{CEAD7E2C-1709-4D87-B63D-4FD87DEC0441}"
EndProject
Project("{2150E333-8FDC-42A3-9474-1A3956D46DE8}") = "Tester", "Tester", "{CD9CCCA2-4F52-4FA7-8D73-921AE8D0E173}"
EndProject
Project("{FAE04EC0-301F-11D3-BF4B-00C04F79EFBC}") = "BAMSS.Communication.IPC", "Communication\IPC\BAMSS.Communication.IPC.csproj", "{A215D10E-9F80-472B-AD9A-325D629AF7F7}"
EndProject
Project("{FAE04EC0-301F-11D3-BF4B-00C04F79EFBC}") = "IPC.TesterServer", "Communication\IPC\Tester\TesterServer\IPC.TesterServer.csproj", "{438A5741-B91C-4099-ACA1-02FAA568AE89}"
EndProject
Project("{FAE04EC0-301F-11D3-BF4B-00C04F79EFBC}") = "IPC.TesterClient", "Communication\IPC\Tester\TesterClient\IPC.TesterClient.csproj", "{4BFEA875-B18E-49B5-ABAC-3009116081C4}"
EndProject
Project("{2150E333-8FDC-42A3-9474-1A3956D46DE8}") = "Tester", "Tester", "{A4DA9C40-FFA2-4973-8DBA-374FE6C19783}"
EndProject
Project("{FAE04EC0-301F-11D3-BF4B-00C04F79EFBC}") = "TestData", "Communication\Tester\TestData\TestData.csproj", "{ACA146D5-4980-4ABA-A110-E1ED36EC98BD}"
EndProject
Project("{2150E333-8FDC-42A3-9474-1A3956D46DE8}") = "WCF", "WCF", "{822710CE-F211-49DD-A3B9-41457D114A2E}"
EndProject
Project("{2150E333-8FDC-42A3-9474-1A3956D46DE8}") = "Tester", "Tester", "{F55203E9-6E17-4D69-A8CB-AF253EE349D2}"
EndProject
Project("{FAE04EC0-301F-11D3-BF4B-00C04F79EFBC}") = "WCF.TesterServer", "Communication\WCF\Tester\TesterServer\WCF.TesterServer.csproj", "{50214D8D-599E-48ED-B041-7922B597FFD6}"
EndProject
Project("{2150E333-8FDC-42A3-9474-1A3956D46DE8}") = "UserInterface", "UserInterface", "{6618EC4A-C90F-4AAC-BD01-8EC1E690C817}"
EndProject
Project("{FAE04EC0-301F-11D3-BF4B-00C04F79EFBC}") = "BAMSS.UI.Message", "UserInterface\Message\BAMSS.UI.Message.csproj", "{EF62268E-D8B6-4682-90E0-57370EB33B55}"
EndProject
Project("{2150E333-8FDC-42A3-9474-1A3956D46DE8}") = "FTP", "FTP", "{234DE482-9D6D-4283-96F2-6C78B929DB5F}"
EndProject
Project("{FAE04EC0-301F-11D3-BF4B-00C04F79EFBC}") = "BAMSS.Communication.FTP", "Communication\FTP\BAMSS.Communication.FTP.csproj", "{5E73DF8E-5B79-4352-9235-561A1CBE2733}"
EndProject
Project("{2150E333-8FDC-42A3-9474-1A3956D46DE8}") = "ImageProcess", "ImageProcess", "{74E9D064-882F-4223-B875-B4DF90C4F04E}"
EndProject
Project("{FAE04EC0-301F-11D3-BF4B-00C04F79EFBC}") = "WindowsFormsTester", "ImageProcess\CameraBarCodeReader\Tester\WindowsFormsTester\WindowsFormsTester.csproj", "{0183AC26-1474-476F-8744-ACBD6FB2B6C7}"
EndProject
Project("{2150E333-8FDC-42A3-9474-1A3956D46DE8}") = "Process", "Process", "{8C5A13C0-57A4-4165-9A7E-1ADB98BE356D}"
EndProject
Project("{2150E333-8FDC-42A3-9474-1A3956D46DE8}") = "Wizard", "Wizard", "{FD275F1C-21A0-492E-A644-ECD648E8088E}"
EndProject
Project("{FAE04EC0-301F-11D3-BF4B-00C04F79EFBC}") = "WpfWizerd", "UserInterface\Wizerd\WpfWizerd\WpfWizerd.csproj", "{027C201C-9AE3-4A9B-9CD2-A5BB1C555E9E}"
EndProject
Project("{FAE04EC0-301F-11D3-BF4B-00C04F79EFBC}") = "Sample", "UserInterface\Wizerd\WpfSample\Sample.csproj", "{28759868-6D83-497F-8B72-C7D2F2200CD6}"
EndProject
Project("{FAE04EC0-301F-11D3-BF4B-00C04F79EFBC}") = "FormWizerd", "UserInterface\Wizerd\FormWizerd\FormWizerd.csproj", "{9E0F7229-CD5A-4101-A8C7-826E96C1B8A1}"
EndProject
Project("{2150E333-8FDC-42A3-9474-1A3956D46DE8}") = "PLC", "PLC", "{41E3B5D0-64A1-40EE-97B9-28BE6E078FDF}"
EndProject
Project("{2150E333-8FDC-42A3-9474-1A3956D46DE8}") = "MXComponent", "MXComponent", "{20790E97-21C3-4485-B294-C8A380D717DF}"
EndProject
Project("{2150E333-8FDC-42A3-9474-1A3956D46DE8}") = "Tester", "Tester", "{3394B09B-52C7-4CC7-A442-2BEDB823E564}"
EndProject
Project("{FAE04EC0-301F-11D3-BF4B-00C04F79EFBC}") = "Tester", "Communication\PLC\Tester\Tester.csproj", "{3DF93437-2005-449C-B672-8663D2FC29CD}"
EndProject
Project("{FAE04EC0-301F-11D3-BF4B-00C04F79EFBC}") = "BAMSS.MXComponent.MXComponentCoreAccessor", "Communication\PLC\MXComponentCoreAccessor\BAMSS.MXComponent.MXComponentCoreAccessor.csproj", "{C926650C-DF58-4719-B599-F4B3BB3E3DD4}"
EndProject
Project("{FAE04EC0-301F-11D3-BF4B-00C04F79EFBC}") = "BAMSS.MXComponent.MXComponentUserAccessor", "Communication\PLC\MXComponentUserAccessor\BAMSS.MXComponent.MXComponentUserAccessor.csproj", "{8BBAC025-B5AA-490E-A1E4-C9C73A2E032F}"
EndProject
Project("{2150E333-8FDC-42A3-9474-1A3956D46DE8}") = "Database", "Database", "{D4C3F637-8ECB-4B6B-B54C-7F5008897738}"
EndProject
Project("{2150E333-8FDC-42A3-9474-1A3956D46DE8}") = "SQLServer", "SQLServer", "{35643662-8BD1-43E9-A889-DD949FC44FF8}"
EndProject
Project("{FAE04EC0-301F-11D3-BF4B-00C04F79EFBC}") = "BAMSS.Data.SQLServerAccessor", "Data\BAMSS.Data.SQLServerAccessor\BAMSS.Data.SQLServerAccessor.csproj", "{E59E6F88-961E-4E3A-A209-358A95969FC6}"
EndProject
Project("{2150E333-8FDC-42A3-9474-1A3956D46DE8}") = "SwapPage", "SwapPage", "{54997913-082D-44C3-B83E-FA4792AD45B6}"
EndProject
Project("{FAE04EC0-301F-11D3-BF4B-00C04F79EFBC}") = "BAMSS.UI.SwapPageChildTester", "UserInterface\SwapPage\SwapStageChildTester\BAMSS.UI.SwapPageChildTester.csproj", "{43DE9619-CDB5-4103-A547-6761B9D90D6C}"
EndProject
Project("{FAE04EC0-301F-11D3-BF4B-00C04F79EFBC}") = "BAMSS.UI.SwapPageController", "UserInterface\SwapPage\SwapStageController\BAMSS.UI.SwapPageController.csproj", "{E990CBF5-0464-41A4-896C-AE8DFE2C3BF4}"
EndProject
Project("{2150E333-8FDC-42A3-9474-1A3956D46DE8}") = "Tester", "Tester", "{AA770108-DB9D-41A6-B087-D561B685B7E4}"
EndProject
Project("{FAE04EC0-301F-11D3-BF4B-00C04F79EFBC}") = "TesterForm", "UserInterface\SwapPage\Tester\TesterForm\TesterForm.csproj", "{28F3690F-41E4-4F35-9130-DAE45646CD8A}"
EndProject
Project("{2150E333-8FDC-42A3-9474-1A3956D46DE8}") = "Logging", "Logging", "{9A8433A4-CC46-4CDB-B181-5AF9A86465D4}"
EndProject
Project("{2150E333-8FDC-42A3-9474-1A3956D46DE8}") = "Message", "Message", "{0B55A6D6-7B5F-4144-99A1-D21E19A28B32}"
EndProject
Project("{FAE04EC0-301F-11D3-BF4B-00C04F79EFBC}") = "BAMSS.Logging.Message.LoggingMessageInterface", "Logging\Message\LoggingMessageInterface\BAMSS.Logging.Message.LoggingMessageInterface.csproj", "{8223F0EE-3F32-44D6-8FE0-582928EDE20F}"
EndProject
Project("{2150E333-8FDC-42A3-9474-1A3956D46DE8}") = "Serial", "Serial", "{D649AFC7-05CD-4A69-B978-ADDC9ED7EF3B}"
EndProject
Project("{FAE04EC0-301F-11D3-BF4B-00C04F79EFBC}") = "BAMSS.Communication.Serial.SerialCommunicator", "Communication\Serial\SerialCommunicator\BAMSS.Communication.Serial.SerialCommunicator.csproj", "{FFE50D6F-4F6C-4834-8ED9-6D552A3611AB}"
EndProject
Project("{FAE04EC0-301F-11D3-BF4B-00C04F79EFBC}") = "BAMSS.Forms.Control.CameraBarCodeReader", "ImageProcess\CameraBarCodeReader\Library\Forms\CameraBarCodeReader\BAMSS.Forms.Control.CameraBarCodeReader.csproj", "{68794436-DB71-4C5D-893D-D8EB1BD36A1C}"
EndProject
Project("{FAE04EC0-301F-11D3-BF4B-00C04F79EFBC}") = "BAMSS.Process.ProcessBase", "Process\ProcessBase\BAMSS.Process.ProcessBase.csproj", "{79352F16-FD27-44D5-A77B-48FB4AC54F0B}"
EndProject
Project("{2150E333-8FDC-42A3-9474-1A3956D46DE8}") = "Common", "Common", "{168ADF1E-25CB-4250-91DA-F4C12BD70BA6}"
EndProject
Project("{FAE04EC0-301F-11D3-BF4B-00C04F79EFBC}") = "BAMSS.Common.DynamicLink", "Common\DynamicLink\BAMSS.Common.DynamicLink.csproj", "{390AD1E2-B39C-435F-B5EE-16E93255FED3}"
EndProject
Project("{FAE04EC0-301F-11D3-BF4B-00C04F79EFBC}") = "BAMSS.Common.WindowsControl", "Common\WindowsControl\BAMSS.Common.WindowsControl.csproj", "{FBD7EC4A-8B66-437F-A479-00C284F10DE6}"
EndProject
Project("{2150E333-8FDC-42A3-9474-1A3956D46DE8}") = "Tester", "Tester", "{BE4A0EBC-D0BD-4836-94DD-FD07A4AAB13E}"
EndProject
Project("{FAE04EC0-301F-11D3-BF4B-00C04F79EFBC}") = "BAMSS.Tester", "Tester\BAMSS.Tester.csproj", "{CF26FF4D-A11D-4D19-903E-168E51AACC4A}"
EndProject
Project("{2150E333-8FDC-42A3-9474-1A3956D46DE8}") = "Serializer", "Serializer", "{F29438F9-D673-408F-B252-48AAD42CD18C}"
EndProject
Project("{FAE04EC0-301F-11D3-BF4B-00C04F79EFBC}") = "BAMSS.Serializer", "Serializer\BAMSS.Serializer.csproj", "{D3143DE6-DB6C-46F3-9B72-169897027286}"
EndProject
Global
	GlobalSection(SolutionConfigurationPlatforms) = preSolution
		Debug|Any CPU = Debug|Any CPU
		Debug|Mixed Platforms = Debug|Mixed Platforms
		Debug|x86 = Debug|x86
		Release|Any CPU = Release|Any CPU
		Release|Mixed Platforms = Release|Mixed Platforms
		Release|x86 = Release|x86
	EndGlobalSection
	GlobalSection(ProjectConfigurationPlatforms) = postSolution
		{650B8406-1876-4EF8-8A99-6FE66FF14402}.Debug|Any CPU.ActiveCfg = Debug|Any CPU
		{650B8406-1876-4EF8-8A99-6FE66FF14402}.Debug|Any CPU.Build.0 = Debug|Any CPU
		{650B8406-1876-4EF8-8A99-6FE66FF14402}.Debug|Mixed Platforms.ActiveCfg = Debug|Any CPU
		{650B8406-1876-4EF8-8A99-6FE66FF14402}.Debug|Mixed Platforms.Build.0 = Debug|Any CPU
		{650B8406-1876-4EF8-8A99-6FE66FF14402}.Debug|x86.ActiveCfg = Debug|Any CPU
		{650B8406-1876-4EF8-8A99-6FE66FF14402}.Release|Any CPU.ActiveCfg = Release|Any CPU
		{650B8406-1876-4EF8-8A99-6FE66FF14402}.Release|Any CPU.Build.0 = Release|Any CPU
		{650B8406-1876-4EF8-8A99-6FE66FF14402}.Release|Mixed Platforms.ActiveCfg = Release|Any CPU
		{650B8406-1876-4EF8-8A99-6FE66FF14402}.Release|Mixed Platforms.Build.0 = Release|Any CPU
		{650B8406-1876-4EF8-8A99-6FE66FF14402}.Release|x86.ActiveCfg = Release|Any CPU
		{861A6710-8C08-43DB-BEA4-1D0C566FE204}.Debug|Any CPU.ActiveCfg = Debug|Any CPU
		{861A6710-8C08-43DB-BEA4-1D0C566FE204}.Debug|Any CPU.Build.0 = Debug|Any CPU
		{861A6710-8C08-43DB-BEA4-1D0C566FE204}.Debug|Mixed Platforms.ActiveCfg = Debug|Any CPU
		{861A6710-8C08-43DB-BEA4-1D0C566FE204}.Debug|Mixed Platforms.Build.0 = Debug|Any CPU
		{861A6710-8C08-43DB-BEA4-1D0C566FE204}.Debug|x86.ActiveCfg = Debug|Any CPU
		{861A6710-8C08-43DB-BEA4-1D0C566FE204}.Release|Any CPU.ActiveCfg = Release|Any CPU
		{861A6710-8C08-43DB-BEA4-1D0C566FE204}.Release|Any CPU.Build.0 = Release|Any CPU
		{861A6710-8C08-43DB-BEA4-1D0C566FE204}.Release|Mixed Platforms.ActiveCfg = Release|Any CPU
		{861A6710-8C08-43DB-BEA4-1D0C566FE204}.Release|Mixed Platforms.Build.0 = Release|Any CPU
		{861A6710-8C08-43DB-BEA4-1D0C566FE204}.Release|x86.ActiveCfg = Release|Any CPU
		{0583A9AA-65F3-4F0B-A64C-88C5350B2AE4}.Debug|Any CPU.ActiveCfg = Debug|Any CPU
		{0583A9AA-65F3-4F0B-A64C-88C5350B2AE4}.Debug|Any CPU.Build.0 = Debug|Any CPU
		{0583A9AA-65F3-4F0B-A64C-88C5350B2AE4}.Debug|Mixed Platforms.ActiveCfg = Debug|Any CPU
		{0583A9AA-65F3-4F0B-A64C-88C5350B2AE4}.Debug|Mixed Platforms.Build.0 = Debug|Any CPU
		{0583A9AA-65F3-4F0B-A64C-88C5350B2AE4}.Debug|x86.ActiveCfg = Debug|Any CPU
		{0583A9AA-65F3-4F0B-A64C-88C5350B2AE4}.Release|Any CPU.ActiveCfg = Release|Any CPU
		{0583A9AA-65F3-4F0B-A64C-88C5350B2AE4}.Release|Any CPU.Build.0 = Release|Any CPU
		{0583A9AA-65F3-4F0B-A64C-88C5350B2AE4}.Release|Mixed Platforms.ActiveCfg = Release|Any CPU
		{0583A9AA-65F3-4F0B-A64C-88C5350B2AE4}.Release|Mixed Platforms.Build.0 = Release|Any CPU
		{0583A9AA-65F3-4F0B-A64C-88C5350B2AE4}.Release|x86.ActiveCfg = Release|Any CPU
		{E91BAA52-3B55-4AC5-9E6B-3664041151D1}.Debug|Any CPU.ActiveCfg = Debug|Any CPU
		{E91BAA52-3B55-4AC5-9E6B-3664041151D1}.Debug|Any CPU.Build.0 = Debug|Any CPU
		{E91BAA52-3B55-4AC5-9E6B-3664041151D1}.Debug|Mixed Platforms.ActiveCfg = Debug|Any CPU
		{E91BAA52-3B55-4AC5-9E6B-3664041151D1}.Debug|Mixed Platforms.Build.0 = Debug|Any CPU
		{E91BAA52-3B55-4AC5-9E6B-3664041151D1}.Debug|x86.ActiveCfg = Debug|Any CPU
		{E91BAA52-3B55-4AC5-9E6B-3664041151D1}.Release|Any CPU.ActiveCfg = Release|Any CPU
		{E91BAA52-3B55-4AC5-9E6B-3664041151D1}.Release|Any CPU.Build.0 = Release|Any CPU
		{E91BAA52-3B55-4AC5-9E6B-3664041151D1}.Release|Mixed Platforms.ActiveCfg = Release|Any CPU
		{E91BAA52-3B55-4AC5-9E6B-3664041151D1}.Release|Mixed Platforms.Build.0 = Release|Any CPU
		{E91BAA52-3B55-4AC5-9E6B-3664041151D1}.Release|x86.ActiveCfg = Release|Any CPU
		{72D8567D-178A-4FD0-8BA7-AE6F31B757B1}.Debug|Any CPU.ActiveCfg = Debug|Any CPU
		{72D8567D-178A-4FD0-8BA7-AE6F31B757B1}.Debug|Any CPU.Build.0 = Debug|Any CPU
		{72D8567D-178A-4FD0-8BA7-AE6F31B757B1}.Debug|Mixed Platforms.ActiveCfg = Debug|Any CPU
		{72D8567D-178A-4FD0-8BA7-AE6F31B757B1}.Debug|Mixed Platforms.Build.0 = Debug|Any CPU
		{72D8567D-178A-4FD0-8BA7-AE6F31B757B1}.Debug|x86.ActiveCfg = Debug|Any CPU
		{72D8567D-178A-4FD0-8BA7-AE6F31B757B1}.Release|Any CPU.ActiveCfg = Release|Any CPU
		{72D8567D-178A-4FD0-8BA7-AE6F31B757B1}.Release|Any CPU.Build.0 = Release|Any CPU
		{72D8567D-178A-4FD0-8BA7-AE6F31B757B1}.Release|Mixed Platforms.ActiveCfg = Release|Any CPU
		{72D8567D-178A-4FD0-8BA7-AE6F31B757B1}.Release|Mixed Platforms.Build.0 = Release|Any CPU
		{72D8567D-178A-4FD0-8BA7-AE6F31B757B1}.Release|x86.ActiveCfg = Release|Any CPU
		{A215D10E-9F80-472B-AD9A-325D629AF7F7}.Debug|Any CPU.ActiveCfg = Debug|Any CPU
		{A215D10E-9F80-472B-AD9A-325D629AF7F7}.Debug|Any CPU.Build.0 = Debug|Any CPU
		{A215D10E-9F80-472B-AD9A-325D629AF7F7}.Debug|Mixed Platforms.ActiveCfg = Debug|Any CPU
		{A215D10E-9F80-472B-AD9A-325D629AF7F7}.Debug|Mixed Platforms.Build.0 = Debug|Any CPU
		{A215D10E-9F80-472B-AD9A-325D629AF7F7}.Debug|x86.ActiveCfg = Debug|Any CPU
		{A215D10E-9F80-472B-AD9A-325D629AF7F7}.Release|Any CPU.ActiveCfg = Release|Any CPU
		{A215D10E-9F80-472B-AD9A-325D629AF7F7}.Release|Any CPU.Build.0 = Release|Any CPU
		{A215D10E-9F80-472B-AD9A-325D629AF7F7}.Release|Mixed Platforms.ActiveCfg = Release|Any CPU
		{A215D10E-9F80-472B-AD9A-325D629AF7F7}.Release|Mixed Platforms.Build.0 = Release|Any CPU
		{A215D10E-9F80-472B-AD9A-325D629AF7F7}.Release|x86.ActiveCfg = Release|Any CPU
		{438A5741-B91C-4099-ACA1-02FAA568AE89}.Debug|Any CPU.ActiveCfg = Debug|Any CPU
		{438A5741-B91C-4099-ACA1-02FAA568AE89}.Debug|Any CPU.Build.0 = Debug|Any CPU
		{438A5741-B91C-4099-ACA1-02FAA568AE89}.Debug|Mixed Platforms.ActiveCfg = Debug|Any CPU
		{438A5741-B91C-4099-ACA1-02FAA568AE89}.Debug|Mixed Platforms.Build.0 = Debug|Any CPU
		{438A5741-B91C-4099-ACA1-02FAA568AE89}.Debug|x86.ActiveCfg = Debug|Any CPU
		{438A5741-B91C-4099-ACA1-02FAA568AE89}.Release|Any CPU.ActiveCfg = Release|Any CPU
		{438A5741-B91C-4099-ACA1-02FAA568AE89}.Release|Any CPU.Build.0 = Release|Any CPU
		{438A5741-B91C-4099-ACA1-02FAA568AE89}.Release|Mixed Platforms.ActiveCfg = Release|Any CPU
		{438A5741-B91C-4099-ACA1-02FAA568AE89}.Release|Mixed Platforms.Build.0 = Release|Any CPU
		{438A5741-B91C-4099-ACA1-02FAA568AE89}.Release|x86.ActiveCfg = Release|Any CPU
		{4BFEA875-B18E-49B5-ABAC-3009116081C4}.Debug|Any CPU.ActiveCfg = Debug|Any CPU
		{4BFEA875-B18E-49B5-ABAC-3009116081C4}.Debug|Any CPU.Build.0 = Debug|Any CPU
		{4BFEA875-B18E-49B5-ABAC-3009116081C4}.Debug|Mixed Platforms.ActiveCfg = Debug|Any CPU
		{4BFEA875-B18E-49B5-ABAC-3009116081C4}.Debug|Mixed Platforms.Build.0 = Debug|Any CPU
		{4BFEA875-B18E-49B5-ABAC-3009116081C4}.Debug|x86.ActiveCfg = Debug|Any CPU
		{4BFEA875-B18E-49B5-ABAC-3009116081C4}.Release|Any CPU.ActiveCfg = Release|Any CPU
		{4BFEA875-B18E-49B5-ABAC-3009116081C4}.Release|Any CPU.Build.0 = Release|Any CPU
		{4BFEA875-B18E-49B5-ABAC-3009116081C4}.Release|Mixed Platforms.ActiveCfg = Release|Any CPU
		{4BFEA875-B18E-49B5-ABAC-3009116081C4}.Release|Mixed Platforms.Build.0 = Release|Any CPU
		{4BFEA875-B18E-49B5-ABAC-3009116081C4}.Release|x86.ActiveCfg = Release|Any CPU
		{ACA146D5-4980-4ABA-A110-E1ED36EC98BD}.Debug|Any CPU.ActiveCfg = Debug|Any CPU
		{ACA146D5-4980-4ABA-A110-E1ED36EC98BD}.Debug|Any CPU.Build.0 = Debug|Any CPU
		{ACA146D5-4980-4ABA-A110-E1ED36EC98BD}.Debug|Mixed Platforms.ActiveCfg = Debug|Any CPU
		{ACA146D5-4980-4ABA-A110-E1ED36EC98BD}.Debug|Mixed Platforms.Build.0 = Debug|Any CPU
		{ACA146D5-4980-4ABA-A110-E1ED36EC98BD}.Debug|x86.ActiveCfg = Debug|Any CPU
		{ACA146D5-4980-4ABA-A110-E1ED36EC98BD}.Release|Any CPU.ActiveCfg = Release|Any CPU
		{ACA146D5-4980-4ABA-A110-E1ED36EC98BD}.Release|Any CPU.Build.0 = Release|Any CPU
		{ACA146D5-4980-4ABA-A110-E1ED36EC98BD}.Release|Mixed Platforms.ActiveCfg = Release|Any CPU
		{ACA146D5-4980-4ABA-A110-E1ED36EC98BD}.Release|Mixed Platforms.Build.0 = Release|Any CPU
		{ACA146D5-4980-4ABA-A110-E1ED36EC98BD}.Release|x86.ActiveCfg = Release|Any CPU
		{50214D8D-599E-48ED-B041-7922B597FFD6}.Debug|Any CPU.ActiveCfg = Debug|Any CPU
		{50214D8D-599E-48ED-B041-7922B597FFD6}.Debug|Any CPU.Build.0 = Debug|Any CPU
		{50214D8D-599E-48ED-B041-7922B597FFD6}.Debug|Mixed Platforms.ActiveCfg = Debug|Any CPU
		{50214D8D-599E-48ED-B041-7922B597FFD6}.Debug|Mixed Platforms.Build.0 = Debug|Any CPU
		{50214D8D-599E-48ED-B041-7922B597FFD6}.Debug|x86.ActiveCfg = Debug|Any CPU
		{50214D8D-599E-48ED-B041-7922B597FFD6}.Release|Any CPU.ActiveCfg = Release|Any CPU
		{50214D8D-599E-48ED-B041-7922B597FFD6}.Release|Any CPU.Build.0 = Release|Any CPU
		{50214D8D-599E-48ED-B041-7922B597FFD6}.Release|Mixed Platforms.ActiveCfg = Release|Any CPU
		{50214D8D-599E-48ED-B041-7922B597FFD6}.Release|Mixed Platforms.Build.0 = Release|Any CPU
		{50214D8D-599E-48ED-B041-7922B597FFD6}.Release|x86.ActiveCfg = Release|Any CPU
		{EF62268E-D8B6-4682-90E0-57370EB33B55}.Debug|Any CPU.ActiveCfg = Debug|Any CPU
		{EF62268E-D8B6-4682-90E0-57370EB33B55}.Debug|Any CPU.Build.0 = Debug|Any CPU
		{EF62268E-D8B6-4682-90E0-57370EB33B55}.Debug|Mixed Platforms.ActiveCfg = Debug|Any CPU
		{EF62268E-D8B6-4682-90E0-57370EB33B55}.Debug|Mixed Platforms.Build.0 = Debug|Any CPU
		{EF62268E-D8B6-4682-90E0-57370EB33B55}.Debug|x86.ActiveCfg = Debug|Any CPU
		{EF62268E-D8B6-4682-90E0-57370EB33B55}.Release|Any CPU.ActiveCfg = Release|Any CPU
		{EF62268E-D8B6-4682-90E0-57370EB33B55}.Release|Any CPU.Build.0 = Release|Any CPU
		{EF62268E-D8B6-4682-90E0-57370EB33B55}.Release|Mixed Platforms.ActiveCfg = Release|Any CPU
		{EF62268E-D8B6-4682-90E0-57370EB33B55}.Release|Mixed Platforms.Build.0 = Release|Any CPU
		{EF62268E-D8B6-4682-90E0-57370EB33B55}.Release|x86.ActiveCfg = Release|Any CPU
		{5E73DF8E-5B79-4352-9235-561A1CBE2733}.Debug|Any CPU.ActiveCfg = Debug|Any CPU
		{5E73DF8E-5B79-4352-9235-561A1CBE2733}.Debug|Any CPU.Build.0 = Debug|Any CPU
		{5E73DF8E-5B79-4352-9235-561A1CBE2733}.Debug|Mixed Platforms.ActiveCfg = Debug|Any CPU
		{5E73DF8E-5B79-4352-9235-561A1CBE2733}.Debug|Mixed Platforms.Build.0 = Debug|Any CPU
		{5E73DF8E-5B79-4352-9235-561A1CBE2733}.Debug|x86.ActiveCfg = Debug|Any CPU
		{5E73DF8E-5B79-4352-9235-561A1CBE2733}.Release|Any CPU.ActiveCfg = Release|Any CPU
		{5E73DF8E-5B79-4352-9235-561A1CBE2733}.Release|Any CPU.Build.0 = Release|Any CPU
		{5E73DF8E-5B79-4352-9235-561A1CBE2733}.Release|Mixed Platforms.ActiveCfg = Release|Any CPU
		{5E73DF8E-5B79-4352-9235-561A1CBE2733}.Release|Mixed Platforms.Build.0 = Release|Any CPU
		{5E73DF8E-5B79-4352-9235-561A1CBE2733}.Release|x86.ActiveCfg = Release|Any CPU
		{0183AC26-1474-476F-8744-ACBD6FB2B6C7}.Debug|Any CPU.ActiveCfg = Debug|Any CPU
		{0183AC26-1474-476F-8744-ACBD6FB2B6C7}.Debug|Any CPU.Build.0 = Debug|Any CPU
		{0183AC26-1474-476F-8744-ACBD6FB2B6C7}.Debug|Mixed Platforms.ActiveCfg = Debug|Any CPU
		{0183AC26-1474-476F-8744-ACBD6FB2B6C7}.Debug|Mixed Platforms.Build.0 = Debug|Any CPU
		{0183AC26-1474-476F-8744-ACBD6FB2B6C7}.Debug|x86.ActiveCfg = Debug|Any CPU
		{0183AC26-1474-476F-8744-ACBD6FB2B6C7}.Release|Any CPU.ActiveCfg = Release|Any CPU
		{0183AC26-1474-476F-8744-ACBD6FB2B6C7}.Release|Any CPU.Build.0 = Release|Any CPU
		{0183AC26-1474-476F-8744-ACBD6FB2B6C7}.Release|Mixed Platforms.ActiveCfg = Release|Any CPU
		{0183AC26-1474-476F-8744-ACBD6FB2B6C7}.Release|Mixed Platforms.Build.0 = Release|Any CPU
		{0183AC26-1474-476F-8744-ACBD6FB2B6C7}.Release|x86.ActiveCfg = Release|Any CPU
		{027C201C-9AE3-4A9B-9CD2-A5BB1C555E9E}.Debug|Any CPU.ActiveCfg = Debug|Any CPU
		{027C201C-9AE3-4A9B-9CD2-A5BB1C555E9E}.Debug|Any CPU.Build.0 = Debug|Any CPU
		{027C201C-9AE3-4A9B-9CD2-A5BB1C555E9E}.Debug|Mixed Platforms.ActiveCfg = Debug|Any CPU
		{027C201C-9AE3-4A9B-9CD2-A5BB1C555E9E}.Debug|Mixed Platforms.Build.0 = Debug|Any CPU
		{027C201C-9AE3-4A9B-9CD2-A5BB1C555E9E}.Debug|x86.ActiveCfg = Debug|Any CPU
		{027C201C-9AE3-4A9B-9CD2-A5BB1C555E9E}.Release|Any CPU.ActiveCfg = Release|Any CPU
		{027C201C-9AE3-4A9B-9CD2-A5BB1C555E9E}.Release|Any CPU.Build.0 = Release|Any CPU
		{027C201C-9AE3-4A9B-9CD2-A5BB1C555E9E}.Release|Mixed Platforms.ActiveCfg = Release|Any CPU
		{027C201C-9AE3-4A9B-9CD2-A5BB1C555E9E}.Release|Mixed Platforms.Build.0 = Release|Any CPU
		{027C201C-9AE3-4A9B-9CD2-A5BB1C555E9E}.Release|x86.ActiveCfg = Release|Any CPU
		{28759868-6D83-497F-8B72-C7D2F2200CD6}.Debug|Any CPU.ActiveCfg = Debug|x86
		{28759868-6D83-497F-8B72-C7D2F2200CD6}.Debug|Mixed Platforms.ActiveCfg = Debug|x86
		{28759868-6D83-497F-8B72-C7D2F2200CD6}.Debug|Mixed Platforms.Build.0 = Debug|x86
		{28759868-6D83-497F-8B72-C7D2F2200CD6}.Debug|x86.ActiveCfg = Debug|x86
		{28759868-6D83-497F-8B72-C7D2F2200CD6}.Debug|x86.Build.0 = Debug|x86
		{28759868-6D83-497F-8B72-C7D2F2200CD6}.Release|Any CPU.ActiveCfg = Release|x86
		{28759868-6D83-497F-8B72-C7D2F2200CD6}.Release|Mixed Platforms.ActiveCfg = Release|x86
		{28759868-6D83-497F-8B72-C7D2F2200CD6}.Release|Mixed Platforms.Build.0 = Release|x86
		{28759868-6D83-497F-8B72-C7D2F2200CD6}.Release|x86.ActiveCfg = Release|x86
		{28759868-6D83-497F-8B72-C7D2F2200CD6}.Release|x86.Build.0 = Release|x86
		{9E0F7229-CD5A-4101-A8C7-826E96C1B8A1}.Debug|Any CPU.ActiveCfg = Debug|Any CPU
		{9E0F7229-CD5A-4101-A8C7-826E96C1B8A1}.Debug|Any CPU.Build.0 = Debug|Any CPU
		{9E0F7229-CD5A-4101-A8C7-826E96C1B8A1}.Debug|Mixed Platforms.ActiveCfg = Debug|Any CPU
		{9E0F7229-CD5A-4101-A8C7-826E96C1B8A1}.Debug|Mixed Platforms.Build.0 = Debug|Any CPU
		{9E0F7229-CD5A-4101-A8C7-826E96C1B8A1}.Debug|x86.ActiveCfg = Debug|Any CPU
		{9E0F7229-CD5A-4101-A8C7-826E96C1B8A1}.Release|Any CPU.ActiveCfg = Release|Any CPU
		{9E0F7229-CD5A-4101-A8C7-826E96C1B8A1}.Release|Any CPU.Build.0 = Release|Any CPU
		{9E0F7229-CD5A-4101-A8C7-826E96C1B8A1}.Release|Mixed Platforms.ActiveCfg = Release|Any CPU
		{9E0F7229-CD5A-4101-A8C7-826E96C1B8A1}.Release|Mixed Platforms.Build.0 = Release|Any CPU
		{9E0F7229-CD5A-4101-A8C7-826E96C1B8A1}.Release|x86.ActiveCfg = Release|Any CPU
		{3DF93437-2005-449C-B672-8663D2FC29CD}.Debug|Any CPU.ActiveCfg = Debug|Any CPU
		{3DF93437-2005-449C-B672-8663D2FC29CD}.Debug|Any CPU.Build.0 = Debug|Any CPU
		{3DF93437-2005-449C-B672-8663D2FC29CD}.Debug|Mixed Platforms.ActiveCfg = Debug|Any CPU
		{3DF93437-2005-449C-B672-8663D2FC29CD}.Debug|Mixed Platforms.Build.0 = Debug|Any CPU
		{3DF93437-2005-449C-B672-8663D2FC29CD}.Debug|x86.ActiveCfg = Debug|Any CPU
		{3DF93437-2005-449C-B672-8663D2FC29CD}.Release|Any CPU.ActiveCfg = Release|Any CPU
		{3DF93437-2005-449C-B672-8663D2FC29CD}.Release|Any CPU.Build.0 = Release|Any CPU
		{3DF93437-2005-449C-B672-8663D2FC29CD}.Release|Mixed Platforms.ActiveCfg = Release|Any CPU
		{3DF93437-2005-449C-B672-8663D2FC29CD}.Release|Mixed Platforms.Build.0 = Release|Any CPU
		{3DF93437-2005-449C-B672-8663D2FC29CD}.Release|x86.ActiveCfg = Release|Any CPU
		{C926650C-DF58-4719-B599-F4B3BB3E3DD4}.Debug|Any CPU.ActiveCfg = Debug|Any CPU
		{C926650C-DF58-4719-B599-F4B3BB3E3DD4}.Debug|Any CPU.Build.0 = Debug|Any CPU
		{C926650C-DF58-4719-B599-F4B3BB3E3DD4}.Debug|Mixed Platforms.ActiveCfg = Debug|Any CPU
		{C926650C-DF58-4719-B599-F4B3BB3E3DD4}.Debug|Mixed Platforms.Build.0 = Debug|Any CPU
		{C926650C-DF58-4719-B599-F4B3BB3E3DD4}.Debug|x86.ActiveCfg = Debug|Any CPU
		{C926650C-DF58-4719-B599-F4B3BB3E3DD4}.Release|Any CPU.ActiveCfg = Release|Any CPU
		{C926650C-DF58-4719-B599-F4B3BB3E3DD4}.Release|Any CPU.Build.0 = Release|Any CPU
		{C926650C-DF58-4719-B599-F4B3BB3E3DD4}.Release|Mixed Platforms.ActiveCfg = Release|Any CPU
		{C926650C-DF58-4719-B599-F4B3BB3E3DD4}.Release|Mixed Platforms.Build.0 = Release|Any CPU
		{C926650C-DF58-4719-B599-F4B3BB3E3DD4}.Release|x86.ActiveCfg = Release|Any CPU
		{8BBAC025-B5AA-490E-A1E4-C9C73A2E032F}.Debug|Any CPU.ActiveCfg = Debug|Any CPU
		{8BBAC025-B5AA-490E-A1E4-C9C73A2E032F}.Debug|Any CPU.Build.0 = Debug|Any CPU
		{8BBAC025-B5AA-490E-A1E4-C9C73A2E032F}.Debug|Mixed Platforms.ActiveCfg = Debug|Any CPU
		{8BBAC025-B5AA-490E-A1E4-C9C73A2E032F}.Debug|Mixed Platforms.Build.0 = Debug|Any CPU
		{8BBAC025-B5AA-490E-A1E4-C9C73A2E032F}.Debug|x86.ActiveCfg = Debug|Any CPU
		{8BBAC025-B5AA-490E-A1E4-C9C73A2E032F}.Release|Any CPU.ActiveCfg = Release|Any CPU
		{8BBAC025-B5AA-490E-A1E4-C9C73A2E032F}.Release|Any CPU.Build.0 = Release|Any CPU
		{8BBAC025-B5AA-490E-A1E4-C9C73A2E032F}.Release|Mixed Platforms.ActiveCfg = Release|Any CPU
		{8BBAC025-B5AA-490E-A1E4-C9C73A2E032F}.Release|Mixed Platforms.Build.0 = Release|Any CPU
		{8BBAC025-B5AA-490E-A1E4-C9C73A2E032F}.Release|x86.ActiveCfg = Release|Any CPU
		{E59E6F88-961E-4E3A-A209-358A95969FC6}.Debug|Any CPU.ActiveCfg = Debug|Any CPU
		{E59E6F88-961E-4E3A-A209-358A95969FC6}.Debug|Any CPU.Build.0 = Debug|Any CPU
		{E59E6F88-961E-4E3A-A209-358A95969FC6}.Debug|Mixed Platforms.ActiveCfg = Debug|Any CPU
		{E59E6F88-961E-4E3A-A209-358A95969FC6}.Debug|Mixed Platforms.Build.0 = Debug|Any CPU
		{E59E6F88-961E-4E3A-A209-358A95969FC6}.Debug|x86.ActiveCfg = Debug|Any CPU
		{E59E6F88-961E-4E3A-A209-358A95969FC6}.Release|Any CPU.ActiveCfg = Release|Any CPU
		{E59E6F88-961E-4E3A-A209-358A95969FC6}.Release|Any CPU.Build.0 = Release|Any CPU
		{E59E6F88-961E-4E3A-A209-358A95969FC6}.Release|Mixed Platforms.ActiveCfg = Release|Any CPU
		{E59E6F88-961E-4E3A-A209-358A95969FC6}.Release|Mixed Platforms.Build.0 = Release|Any CPU
		{E59E6F88-961E-4E3A-A209-358A95969FC6}.Release|x86.ActiveCfg = Release|Any CPU
		{43DE9619-CDB5-4103-A547-6761B9D90D6C}.Debug|Any CPU.ActiveCfg = Debug|Any CPU
		{43DE9619-CDB5-4103-A547-6761B9D90D6C}.Debug|Any CPU.Build.0 = Debug|Any CPU
		{43DE9619-CDB5-4103-A547-6761B9D90D6C}.Debug|Mixed Platforms.ActiveCfg = Debug|Any CPU
		{43DE9619-CDB5-4103-A547-6761B9D90D6C}.Debug|Mixed Platforms.Build.0 = Debug|Any CPU
		{43DE9619-CDB5-4103-A547-6761B9D90D6C}.Debug|x86.ActiveCfg = Debug|Any CPU
		{43DE9619-CDB5-4103-A547-6761B9D90D6C}.Release|Any CPU.ActiveCfg = Release|Any CPU
		{43DE9619-CDB5-4103-A547-6761B9D90D6C}.Release|Any CPU.Build.0 = Release|Any CPU
		{43DE9619-CDB5-4103-A547-6761B9D90D6C}.Release|Mixed Platforms.ActiveCfg = Release|Any CPU
		{43DE9619-CDB5-4103-A547-6761B9D90D6C}.Release|Mixed Platforms.Build.0 = Release|Any CPU
		{43DE9619-CDB5-4103-A547-6761B9D90D6C}.Release|x86.ActiveCfg = Release|Any CPU
		{E990CBF5-0464-41A4-896C-AE8DFE2C3BF4}.Debug|Any CPU.ActiveCfg = Debug|Any CPU
		{E990CBF5-0464-41A4-896C-AE8DFE2C3BF4}.Debug|Any CPU.Build.0 = Debug|Any CPU
		{E990CBF5-0464-41A4-896C-AE8DFE2C3BF4}.Debug|Mixed Platforms.ActiveCfg = Debug|Any CPU
		{E990CBF5-0464-41A4-896C-AE8DFE2C3BF4}.Debug|Mixed Platforms.Build.0 = Debug|Any CPU
		{E990CBF5-0464-41A4-896C-AE8DFE2C3BF4}.Debug|x86.ActiveCfg = Debug|Any CPU
		{E990CBF5-0464-41A4-896C-AE8DFE2C3BF4}.Release|Any CPU.ActiveCfg = Release|Any CPU
		{E990CBF5-0464-41A4-896C-AE8DFE2C3BF4}.Release|Any CPU.Build.0 = Release|Any CPU
		{E990CBF5-0464-41A4-896C-AE8DFE2C3BF4}.Release|Mixed Platforms.ActiveCfg = Release|Any CPU
		{E990CBF5-0464-41A4-896C-AE8DFE2C3BF4}.Release|Mixed Platforms.Build.0 = Release|Any CPU
		{E990CBF5-0464-41A4-896C-AE8DFE2C3BF4}.Release|x86.ActiveCfg = Release|Any CPU
		{28F3690F-41E4-4F35-9130-DAE45646CD8A}.Debug|Any CPU.ActiveCfg = Debug|Any CPU
		{28F3690F-41E4-4F35-9130-DAE45646CD8A}.Debug|Any CPU.Build.0 = Debug|Any CPU
		{28F3690F-41E4-4F35-9130-DAE45646CD8A}.Debug|Mixed Platforms.ActiveCfg = Debug|Any CPU
		{28F3690F-41E4-4F35-9130-DAE45646CD8A}.Debug|Mixed Platforms.Build.0 = Debug|Any CPU
		{28F3690F-41E4-4F35-9130-DAE45646CD8A}.Debug|x86.ActiveCfg = Debug|Any CPU
		{28F3690F-41E4-4F35-9130-DAE45646CD8A}.Release|Any CPU.ActiveCfg = Release|Any CPU
		{28F3690F-41E4-4F35-9130-DAE45646CD8A}.Release|Any CPU.Build.0 = Release|Any CPU
		{28F3690F-41E4-4F35-9130-DAE45646CD8A}.Release|Mixed Platforms.ActiveCfg = Release|Any CPU
		{28F3690F-41E4-4F35-9130-DAE45646CD8A}.Release|Mixed Platforms.Build.0 = Release|Any CPU
		{28F3690F-41E4-4F35-9130-DAE45646CD8A}.Release|x86.ActiveCfg = Release|Any CPU
		{8223F0EE-3F32-44D6-8FE0-582928EDE20F}.Debug|Any CPU.ActiveCfg = Debug|Any CPU
		{8223F0EE-3F32-44D6-8FE0-582928EDE20F}.Debug|Any CPU.Build.0 = Debug|Any CPU
		{8223F0EE-3F32-44D6-8FE0-582928EDE20F}.Debug|Mixed Platforms.ActiveCfg = Debug|Any CPU
		{8223F0EE-3F32-44D6-8FE0-582928EDE20F}.Debug|Mixed Platforms.Build.0 = Debug|Any CPU
		{8223F0EE-3F32-44D6-8FE0-582928EDE20F}.Debug|x86.ActiveCfg = Debug|Any CPU
		{8223F0EE-3F32-44D6-8FE0-582928EDE20F}.Release|Any CPU.ActiveCfg = Release|Any CPU
		{8223F0EE-3F32-44D6-8FE0-582928EDE20F}.Release|Any CPU.Build.0 = Release|Any CPU
		{8223F0EE-3F32-44D6-8FE0-582928EDE20F}.Release|Mixed Platforms.ActiveCfg = Release|Any CPU
		{8223F0EE-3F32-44D6-8FE0-582928EDE20F}.Release|Mixed Platforms.Build.0 = Release|Any CPU
		{8223F0EE-3F32-44D6-8FE0-582928EDE20F}.Release|x86.ActiveCfg = Release|Any CPU
		{FFE50D6F-4F6C-4834-8ED9-6D552A3611AB}.Debug|Any CPU.ActiveCfg = Debug|Any CPU
		{FFE50D6F-4F6C-4834-8ED9-6D552A3611AB}.Debug|Any CPU.Build.0 = Debug|Any CPU
		{FFE50D6F-4F6C-4834-8ED9-6D552A3611AB}.Debug|Mixed Platforms.ActiveCfg = Debug|Any CPU
		{FFE50D6F-4F6C-4834-8ED9-6D552A3611AB}.Debug|Mixed Platforms.Build.0 = Debug|Any CPU
		{FFE50D6F-4F6C-4834-8ED9-6D552A3611AB}.Debug|x86.ActiveCfg = Debug|Any CPU
		{FFE50D6F-4F6C-4834-8ED9-6D552A3611AB}.Release|Any CPU.ActiveCfg = Release|Any CPU
		{FFE50D6F-4F6C-4834-8ED9-6D552A3611AB}.Release|Any CPU.Build.0 = Release|Any CPU
		{FFE50D6F-4F6C-4834-8ED9-6D552A3611AB}.Release|Mixed Platforms.ActiveCfg = Release|Any CPU
		{FFE50D6F-4F6C-4834-8ED9-6D552A3611AB}.Release|Mixed Platforms.Build.0 = Release|Any CPU
		{FFE50D6F-4F6C-4834-8ED9-6D552A3611AB}.Release|x86.ActiveCfg = Release|Any CPU
		{68794436-DB71-4C5D-893D-D8EB1BD36A1C}.Debug|Any CPU.ActiveCfg = Debug|Any CPU
		{68794436-DB71-4C5D-893D-D8EB1BD36A1C}.Debug|Any CPU.Build.0 = Debug|Any CPU
		{68794436-DB71-4C5D-893D-D8EB1BD36A1C}.Debug|Mixed Platforms.ActiveCfg = Debug|Any CPU
		{68794436-DB71-4C5D-893D-D8EB1BD36A1C}.Debug|Mixed Platforms.Build.0 = Debug|Any CPU
		{68794436-DB71-4C5D-893D-D8EB1BD36A1C}.Debug|x86.ActiveCfg = Debug|Any CPU
		{68794436-DB71-4C5D-893D-D8EB1BD36A1C}.Release|Any CPU.ActiveCfg = Release|Any CPU
		{68794436-DB71-4C5D-893D-D8EB1BD36A1C}.Release|Any CPU.Build.0 = Release|Any CPU
		{68794436-DB71-4C5D-893D-D8EB1BD36A1C}.Release|Mixed Platforms.ActiveCfg = Release|Any CPU
		{68794436-DB71-4C5D-893D-D8EB1BD36A1C}.Release|Mixed Platforms.Build.0 = Release|Any CPU
		{68794436-DB71-4C5D-893D-D8EB1BD36A1C}.Release|x86.ActiveCfg = Release|Any CPU
		{79352F16-FD27-44D5-A77B-48FB4AC54F0B}.Debug|Any CPU.ActiveCfg = Debug|Any CPU
		{79352F16-FD27-44D5-A77B-48FB4AC54F0B}.Debug|Any CPU.Build.0 = Debug|Any CPU
		{79352F16-FD27-44D5-A77B-48FB4AC54F0B}.Debug|Mixed Platforms.ActiveCfg = Debug|Any CPU
		{79352F16-FD27-44D5-A77B-48FB4AC54F0B}.Debug|Mixed Platforms.Build.0 = Debug|Any CPU
		{79352F16-FD27-44D5-A77B-48FB4AC54F0B}.Debug|x86.ActiveCfg = Debug|Any CPU
		{79352F16-FD27-44D5-A77B-48FB4AC54F0B}.Release|Any CPU.ActiveCfg = Release|Any CPU
		{79352F16-FD27-44D5-A77B-48FB4AC54F0B}.Release|Any CPU.Build.0 = Release|Any CPU
		{79352F16-FD27-44D5-A77B-48FB4AC54F0B}.Release|Mixed Platforms.ActiveCfg = Release|Any CPU
		{79352F16-FD27-44D5-A77B-48FB4AC54F0B}.Release|Mixed Platforms.Build.0 = Release|Any CPU
		{79352F16-FD27-44D5-A77B-48FB4AC54F0B}.Release|x86.ActiveCfg = Release|Any CPU
		{390AD1E2-B39C-435F-B5EE-16E93255FED3}.Debug|Any CPU.ActiveCfg = Debug|Any CPU
		{390AD1E2-B39C-435F-B5EE-16E93255FED3}.Debug|Any CPU.Build.0 = Debug|Any CPU
		{390AD1E2-B39C-435F-B5EE-16E93255FED3}.Debug|Mixed Platforms.ActiveCfg = Debug|Any CPU
		{390AD1E2-B39C-435F-B5EE-16E93255FED3}.Debug|Mixed Platforms.Build.0 = Debug|Any CPU
		{390AD1E2-B39C-435F-B5EE-16E93255FED3}.Debug|x86.ActiveCfg = Debug|Any CPU
		{390AD1E2-B39C-435F-B5EE-16E93255FED3}.Release|Any CPU.ActiveCfg = Release|Any CPU
		{390AD1E2-B39C-435F-B5EE-16E93255FED3}.Release|Any CPU.Build.0 = Release|Any CPU
		{390AD1E2-B39C-435F-B5EE-16E93255FED3}.Release|Mixed Platforms.ActiveCfg = Release|Any CPU
		{390AD1E2-B39C-435F-B5EE-16E93255FED3}.Release|Mixed Platforms.Build.0 = Release|Any CPU
		{390AD1E2-B39C-435F-B5EE-16E93255FED3}.Release|x86.ActiveCfg = Release|Any CPU
		{FBD7EC4A-8B66-437F-A479-00C284F10DE6}.Debug|Any CPU.ActiveCfg = Debug|Any CPU
		{FBD7EC4A-8B66-437F-A479-00C284F10DE6}.Debug|Any CPU.Build.0 = Debug|Any CPU
		{FBD7EC4A-8B66-437F-A479-00C284F10DE6}.Debug|Mixed Platforms.ActiveCfg = Debug|Any CPU
		{FBD7EC4A-8B66-437F-A479-00C284F10DE6}.Debug|Mixed Platforms.Build.0 = Debug|Any CPU
		{FBD7EC4A-8B66-437F-A479-00C284F10DE6}.Debug|x86.ActiveCfg = Debug|Any CPU
		{FBD7EC4A-8B66-437F-A479-00C284F10DE6}.Release|Any CPU.ActiveCfg = Release|Any CPU
		{FBD7EC4A-8B66-437F-A479-00C284F10DE6}.Release|Any CPU.Build.0 = Release|Any CPU
		{FBD7EC4A-8B66-437F-A479-00C284F10DE6}.Release|Mixed Platforms.ActiveCfg = Release|Any CPU
		{FBD7EC4A-8B66-437F-A479-00C284F10DE6}.Release|Mixed Platforms.Build.0 = Release|Any CPU
		{FBD7EC4A-8B66-437F-A479-00C284F10DE6}.Release|x86.ActiveCfg = Release|Any CPU
		{CF26FF4D-A11D-4D19-903E-168E51AACC4A}.Debug|Any CPU.ActiveCfg = Debug|Any CPU
		{CF26FF4D-A11D-4D19-903E-168E51AACC4A}.Debug|Any CPU.Build.0 = Debug|Any CPU
		{CF26FF4D-A11D-4D19-903E-168E51AACC4A}.Debug|Mixed Platforms.ActiveCfg = Debug|Any CPU
		{CF26FF4D-A11D-4D19-903E-168E51AACC4A}.Debug|Mixed Platforms.Build.0 = Debug|Any CPU
		{CF26FF4D-A11D-4D19-903E-168E51AACC4A}.Debug|x86.ActiveCfg = Debug|Any CPU
		{CF26FF4D-A11D-4D19-903E-168E51AACC4A}.Release|Any CPU.ActiveCfg = Release|Any CPU
		{CF26FF4D-A11D-4D19-903E-168E51AACC4A}.Release|Any CPU.Build.0 = Release|Any CPU
		{CF26FF4D-A11D-4D19-903E-168E51AACC4A}.Release|Mixed Platforms.ActiveCfg = Release|Any CPU
		{CF26FF4D-A11D-4D19-903E-168E51AACC4A}.Release|Mixed Platforms.Build.0 = Release|Any CPU
		{CF26FF4D-A11D-4D19-903E-168E51AACC4A}.Release|x86.ActiveCfg = Release|Any CPU
		{D3143DE6-DB6C-46F3-9B72-169897027286}.Debug|Any CPU.ActiveCfg = Debug|Any CPU
		{D3143DE6-DB6C-46F3-9B72-169897027286}.Debug|Any CPU.Build.0 = Debug|Any CPU
		{D3143DE6-DB6C-46F3-9B72-169897027286}.Debug|Mixed Platforms.ActiveCfg = Debug|Any CPU
		{D3143DE6-DB6C-46F3-9B72-169897027286}.Debug|Mixed Platforms.Build.0 = Debug|Any CPU
		{D3143DE6-DB6C-46F3-9B72-169897027286}.Debug|x86.ActiveCfg = Debug|Any CPU
		{D3143DE6-DB6C-46F3-9B72-169897027286}.Release|Any CPU.ActiveCfg = Release|Any CPU
		{D3143DE6-DB6C-46F3-9B72-169897027286}.Release|Any CPU.Build.0 = Release|Any CPU
		{D3143DE6-DB6C-46F3-9B72-169897027286}.Release|Mixed Platforms.ActiveCfg = Release|Any CPU
		{D3143DE6-DB6C-46F3-9B72-169897027286}.Release|Mixed Platforms.Build.0 = Release|Any CPU
		{D3143DE6-DB6C-46F3-9B72-169897027286}.Release|x86.ActiveCfg = Release|Any CPU
	EndGlobalSection
	GlobalSection(SolutionProperties) = preSolution
		HideSolutionNode = FALSE
	EndGlobalSection
	GlobalSection(NestedProjects) = preSolution
		{650B8406-1876-4EF8-8A99-6FE66FF14402} = {3AA577A9-F070-45EC-ABA3-846D981C49D6}
		{861A6710-8C08-43DB-BEA4-1D0C566FE204} = {3AA577A9-F070-45EC-ABA3-846D981C49D6}
		{0583A9AA-65F3-4F0B-A64C-88C5350B2AE4} = {1FEFB666-C05E-400E-B9DC-0F78BD438B0C}
		{E91BAA52-3B55-4AC5-9E6B-3664041151D1} = {1FEFB666-C05E-400E-B9DC-0F78BD438B0C}
		{72D8567D-178A-4FD0-8BA7-AE6F31B757B1} = {3AA577A9-F070-45EC-ABA3-846D981C49D6}
		{CEAD7E2C-1709-4D87-B63D-4FD87DEC0441} = {A2C76BB4-0E4F-4D2F-A79C-AA1908A18371}
		{CD9CCCA2-4F52-4FA7-8D73-921AE8D0E173} = {CEAD7E2C-1709-4D87-B63D-4FD87DEC0441}
		{A215D10E-9F80-472B-AD9A-325D629AF7F7} = {CEAD7E2C-1709-4D87-B63D-4FD87DEC0441}
		{438A5741-B91C-4099-ACA1-02FAA568AE89} = {CD9CCCA2-4F52-4FA7-8D73-921AE8D0E173}
		{4BFEA875-B18E-49B5-ABAC-3009116081C4} = {CD9CCCA2-4F52-4FA7-8D73-921AE8D0E173}
		{A4DA9C40-FFA2-4973-8DBA-374FE6C19783} = {A2C76BB4-0E4F-4D2F-A79C-AA1908A18371}
		{ACA146D5-4980-4ABA-A110-E1ED36EC98BD} = {A4DA9C40-FFA2-4973-8DBA-374FE6C19783}
		{822710CE-F211-49DD-A3B9-41457D114A2E} = {A2C76BB4-0E4F-4D2F-A79C-AA1908A18371}
		{F55203E9-6E17-4D69-A8CB-AF253EE349D2} = {822710CE-F211-49DD-A3B9-41457D114A2E}
		{50214D8D-599E-48ED-B041-7922B597FFD6} = {F55203E9-6E17-4D69-A8CB-AF253EE349D2}
		{EF62268E-D8B6-4682-90E0-57370EB33B55} = {6618EC4A-C90F-4AAC-BD01-8EC1E690C817}
		{234DE482-9D6D-4283-96F2-6C78B929DB5F} = {A2C76BB4-0E4F-4D2F-A79C-AA1908A18371}
		{5E73DF8E-5B79-4352-9235-561A1CBE2733} = {234DE482-9D6D-4283-96F2-6C78B929DB5F}
		{0183AC26-1474-476F-8744-ACBD6FB2B6C7} = {74E9D064-882F-4223-B875-B4DF90C4F04E}
		{FD275F1C-21A0-492E-A644-ECD648E8088E} = {6618EC4A-C90F-4AAC-BD01-8EC1E690C817}
		{027C201C-9AE3-4A9B-9CD2-A5BB1C555E9E} = {FD275F1C-21A0-492E-A644-ECD648E8088E}
		{28759868-6D83-497F-8B72-C7D2F2200CD6} = {FD275F1C-21A0-492E-A644-ECD648E8088E}
		{9E0F7229-CD5A-4101-A8C7-826E96C1B8A1} = {FD275F1C-21A0-492E-A644-ECD648E8088E}
		{20790E97-21C3-4485-B294-C8A380D717DF} = {41E3B5D0-64A1-40EE-97B9-28BE6E078FDF}
		{3394B09B-52C7-4CC7-A442-2BEDB823E564} = {41E3B5D0-64A1-40EE-97B9-28BE6E078FDF}
		{3DF93437-2005-449C-B672-8663D2FC29CD} = {3394B09B-52C7-4CC7-A442-2BEDB823E564}
		{C926650C-DF58-4719-B599-F4B3BB3E3DD4} = {20790E97-21C3-4485-B294-C8A380D717DF}
		{8BBAC025-B5AA-490E-A1E4-C9C73A2E032F} = {20790E97-21C3-4485-B294-C8A380D717DF}
		{35643662-8BD1-43E9-A889-DD949FC44FF8} = {D4C3F637-8ECB-4B6B-B54C-7F5008897738}
		{E59E6F88-961E-4E3A-A209-358A95969FC6} = {35643662-8BD1-43E9-A889-DD949FC44FF8}
		{54997913-082D-44C3-B83E-FA4792AD45B6} = {6618EC4A-C90F-4AAC-BD01-8EC1E690C817}
		{43DE9619-CDB5-4103-A547-6761B9D90D6C} = {54997913-082D-44C3-B83E-FA4792AD45B6}
		{E990CBF5-0464-41A4-896C-AE8DFE2C3BF4} = {54997913-082D-44C3-B83E-FA4792AD45B6}
		{AA770108-DB9D-41A6-B087-D561B685B7E4} = {54997913-082D-44C3-B83E-FA4792AD45B6}
		{28F3690F-41E4-4F35-9130-DAE45646CD8A} = {AA770108-DB9D-41A6-B087-D561B685B7E4}
		{0B55A6D6-7B5F-4144-99A1-D21E19A28B32} = {9A8433A4-CC46-4CDB-B181-5AF9A86465D4}
		{8223F0EE-3F32-44D6-8FE0-582928EDE20F} = {0B55A6D6-7B5F-4144-99A1-D21E19A28B32}
		{D649AFC7-05CD-4A69-B978-ADDC9ED7EF3B} = {A2C76BB4-0E4F-4D2F-A79C-AA1908A18371}
		{FFE50D6F-4F6C-4834-8ED9-6D552A3611AB} = {D649AFC7-05CD-4A69-B978-ADDC9ED7EF3B}
		{68794436-DB71-4C5D-893D-D8EB1BD36A1C} = {74E9D064-882F-4223-B875-B4DF90C4F04E}
		{79352F16-FD27-44D5-A77B-48FB4AC54F0B} = {8C5A13C0-57A4-4165-9A7E-1ADB98BE356D}
		{390AD1E2-B39C-435F-B5EE-16E93255FED3} = {168ADF1E-25CB-4250-91DA-F4C12BD70BA6}
		{FBD7EC4A-8B66-437F-A479-00C284F10DE6} = {168ADF1E-25CB-4250-91DA-F4C12BD70BA6}
		{CF26FF4D-A11D-4D19-903E-168E51AACC4A} = {BE4A0EBC-D0BD-4836-94DD-FD07A4AAB13E}
		{D3143DE6-DB6C-46F3-9B72-169897027286} = {F29438F9-D673-408F-B252-48AAD42CD18C}
	EndGlobalSection
EndGlobal
